
Microsoft Visual Studio Solution File, Format Version 12.00
# Visual Studio Version 17
VisualStudioVersion = 17.14.36811.4
MinimumVisualStudioVersion = 10.0.40219.1
Project("{FAE04EC0-301F-11D3-BF4B-00C04F79EFBC}") = "OpenAIApiClient", "OpenAIApiClient\OpenAIApiClient.csproj", "{CE8316C9-714B-4779-8B08-591D070344C5}"
EndProject
Project("{FAE04EC0-301F-11D3-BF4B-00C04F79EFBC}") = "OpenAIApiClient.Tests", "OpenAIApiClient.Tests\OpenAIApiClient.Tests.csproj", "{1458D715-879A-4953-ABAE-298636390796}"
EndProject
Project("{2150E333-8FDC-42A3-9474-1A3956D46DE8}") = "Solution Items", "Solution Items", "{8EC462FD-D22E-90A8-E5CE-7E832BA40C5D}"
	ProjectSection(SolutionItems) = preProject
		.editorconfig = .editorconfig
		.plan.md = .plan.md
		docs-API-Usage.md = docs-API-Usage.md
		..\README.md = ..\README.md
	EndProjectSection
EndProject
Project("{FAE04EC0-301F-11D3-BF4B-00C04F79EFBC}") = "OpenAIApiClient.ConsoleApp", "OpenAIApiClient.ConsoleApp\OpenAIApiClient.ConsoleApp.csproj", "{AFA88853-E037-4E00-BC17-4CDBED7BFC65}"
EndProject
Project("{FAE04EC0-301F-11D3-BF4B-00C04F79EFBC}") = "OpenAIApiClient.Tools", "OpenAIApiClient.Tools\OpenAIApiClient.Tools.csproj", "{077FB01E-B84B-4A80-94D2-039CA291673D}"
EndProject
Global
	GlobalSection(SolutionConfigurationPlatforms) = preSolution
		Debug|Any CPU = Debug|Any CPU
		Release|Any CPU = Release|Any CPU
	EndGlobalSection
	GlobalSection(ProjectConfigurationPlatforms) = postSolution
		{CE8316C9-714B-4779-8B08-591D070344C5}.Debug|Any CPU.ActiveCfg = Debug|Any CPU
		{CE8316C9-714B-4779-8B08-591D070344C5}.Debug|Any CPU.Build.0 = Debug|Any CPU
		{CE8316C9-714B-4779-8B08-591D070344C5}.Release|Any CPU.ActiveCfg = Release|Any CPU
		{CE8316C9-714B-4779-8B08-591D070344C5}.Release|Any CPU.Build.0 = Release|Any CPU
		{1458D715-879A-4953-ABAE-298636390796}.Debug|Any CPU.ActiveCfg = Debug|Any CPU
		{1458D715-879A-4953-ABAE-298636390796}.Debug|Any CPU.Build.0 = Debug|Any CPU
		{1458D715-879A-4953-ABAE-298636390796}.Release|Any CPU.ActiveCfg = Release|Any CPU
		{1458D715-879A-4953-ABAE-298636390796}.Release|Any CPU.Build.0 = Release|Any CPU
		{AFA88853-E037-4E00-BC17-4CDBED7BFC65}.Debug|Any CPU.ActiveCfg = Debug|Any CPU
		{AFA88853-E037-4E00-BC17-4CDBED7BFC65}.Debug|Any CPU.Build.0 = Debug|Any CPU
		{AFA88853-E037-4E00-BC17-4CDBED7BFC65}.Release|Any CPU.ActiveCfg = Release|Any CPU
		{AFA88853-E037-4E00-BC17-4CDBED7BFC65}.Release|Any CPU.Build.0 = Release|Any CPU
		{077FB01E-B84B-4A80-94D2-039CA291673D}.Debug|Any CPU.ActiveCfg = Debug|Any CPU
		{077FB01E-B84B-4A80-94D2-039CA291673D}.Debug|Any CPU.Build.0 = Debug|Any CPU
		{077FB01E-B84B-4A80-94D2-039CA291673D}.Release|Any CPU.ActiveCfg = Release|Any CPU
		{077FB01E-B84B-4A80-94D2-039CA291673D}.Release|Any CPU.Build.0 = Release|Any CPU
	EndGlobalSection
	GlobalSection(SolutionProperties) = preSolution
		HideSolutionNode = FALSE
	EndGlobalSection
	GlobalSection(ExtensibilityGlobals) = postSolution
		SolutionGuid = {7681F0AE-3845-4811-9D74-D1255686F27D}
	EndGlobalSection
EndGlobal
